// !$*UTF8*$!
{
	archiveVersion = 1;
	classes = {
	};
	objectVersion = 46;
	objects = {

/* Begin PBXBuildFile section */
		0F6402BAB2E33D62EA81D687 /* libPods-SkyWay-iOS-Sample.a in Frameworks */ = {isa = PBXBuildFile; fileRef = A1AF7FA3F45D03FF723AF365 /* libPods-SkyWay-iOS-Sample.a */; };
		3D1DDB5D1A2585CC0052B79C /* AudioToolbox.framework in Frameworks */ = {isa = PBXBuildFile; fileRef = 3D1DDB5C1A2585CC0052B79C /* AudioToolbox.framework */; };
		3D1DDB6F1A25B98E0052B79C /* AVFoundation.framework in Frameworks */ = {isa = PBXBuildFile; fileRef = 3D1DDB6E1A25B98E0052B79C /* AVFoundation.framework */; };
		3D9398EE19D9391100AEE6B1 /* CoreMedia.framework in Frameworks */ = {isa = PBXBuildFile; fileRef = 3D9398ED19D9391100AEE6B1 /* CoreMedia.framework */; };
		3DA167EF1A01CF1B002A591D /* MenuViewController.m in Sources */ = {isa = PBXBuildFile; fileRef = 3DA167EE1A01CF1B002A591D /* MenuViewController.m */; };
		3DA167F21A01D05F002A591D /* DataConnectionViewController.m in Sources */ = {isa = PBXBuildFile; fileRef = 3DA167F11A01D05F002A591D /* DataConnectionViewController.m */; };
		3DAABD6E19D5644200C765E1 /* main.m in Sources */ = {isa = PBXBuildFile; fileRef = 3DAABD6D19D5644200C765E1 /* main.m */; };
		3DAABD7119D5644200C765E1 /* AppDelegate.m in Sources */ = {isa = PBXBuildFile; fileRef = 3DAABD7019D5644200C765E1 /* AppDelegate.m */; };
		3DAABD7419D5644200C765E1 /* MediaConnectionViewController.m in Sources */ = {isa = PBXBuildFile; fileRef = 3DAABD7319D5644200C765E1 /* MediaConnectionViewController.m */; };
		3DAABD7919D5644200C765E1 /* Images.xcassets in Resources */ = {isa = PBXBuildFile; fileRef = 3DAABD7819D5644200C765E1 /* Images.xcassets */; };
		3DB8290819FA09D2001041F8 /* PeersListViewController.m in Sources */ = {isa = PBXBuildFile; fileRef = 3DB8290719FA09D2001041F8 /* PeersListViewController.m */; };
		3DD0C75B19E7B6BD006F9103 /* Foundation.framework in Frameworks */ = {isa = PBXBuildFile; fileRef = 3DD0C75A19E7B6BD006F9103 /* Foundation.framework */; };
		3DDB8D951A314AFD00FA2C4A /* CoreGraphics.framework in Frameworks */ = {isa = PBXBuildFile; fileRef = 3D9398EB19D9390B00AEE6B1 /* CoreGraphics.framework */; };
		3DDB8D971A314B2F00FA2C4A /* SystemConfiguration.framework in Frameworks */ = {isa = PBXBuildFile; fileRef = 3DDB8D961A314B2F00FA2C4A /* SystemConfiguration.framework */; };
		3DDB8D9B1A314C3C00FA2C4A /* GLKit.framework in Frameworks */ = {isa = PBXBuildFile; fileRef = 3DDB8D9A1A314C3C00FA2C4A /* GLKit.framework */; };
		CA30CBFE1AE4E53A00A78322 /* LaunchScreen.xib in Resources */ = {isa = PBXBuildFile; fileRef = 3DAABD7A19D5644200C765E1 /* LaunchScreen.xib */; };
		CA30CBFF1AE4E53C00A78322 /* Main.storyboard in Resources */ = {isa = PBXBuildFile; fileRef = 3DAABD7519D5644200C765E1 /* Main.storyboard */; };
		CA6859CB1B1BE47200B9577E /* image.png in Resources */ = {isa = PBXBuildFile; fileRef = CA6859CA1B1BE47200B9577E /* image.png */; };
		CA6C359B1BCE09A800F99F7D /* SkyWay.framework in Frameworks */ = {isa = PBXBuildFile; fileRef = CA6C359A1BCE09A800F99F7D /* SkyWay.framework */; };
		CAC6AFC51C27B4DF002C856D /* libc++.tbd in Frameworks */ = {isa = PBXBuildFile; fileRef = CAC6AFC41C27B4DF002C856D /* libc++.tbd */; };
		CAC6AFC71C27B4FA002C856D /* libicucore.tbd in Frameworks */ = {isa = PBXBuildFile; fileRef = CAC6AFC61C27B4FA002C856D /* libicucore.tbd */; };
		CAC6AFC91C27B505002C856D /* libsqlite3.tbd in Frameworks */ = {isa = PBXBuildFile; fileRef = CAC6AFC81C27B505002C856D /* libsqlite3.tbd */; };
		CAC6AFCB1C27B50F002C856D /* libstdc++.6.0.9.tbd in Frameworks */ = {isa = PBXBuildFile; fileRef = CAC6AFCA1C27B50F002C856D /* libstdc++.6.0.9.tbd */; };
		CAD2621C1B8E9EAF000D4782 /* CoreVideo.framework in Frameworks */ = {isa = PBXBuildFile; fileRef = CAD2621A1B8E9EAF000D4782 /* CoreVideo.framework */; };
		CAD2621D1B8E9EAF000D4782 /* VideoToolbox.framework in Frameworks */ = {isa = PBXBuildFile; fileRef = CAD2621B1B8E9EAF000D4782 /* VideoToolbox.framework */; };
/* End PBXBuildFile section */

/* Begin PBXFileReference section */
		268C015195DAB0FFB5C01904 /* Pods-SkyWay-iOS-Sample.debug.xcconfig */ = {isa = PBXFileReference; includeInIndex = 1; lastKnownFileType = text.xcconfig; name = "Pods-SkyWay-iOS-Sample.debug.xcconfig"; path = "Pods/Target Support Files/Pods-SkyWay-iOS-Sample/Pods-SkyWay-iOS-Sample.debug.xcconfig"; sourceTree = "<group>"; };
		3896F984C210ED5EE27BE984 /* Pods-SkyWay-iOS-Sample.release.xcconfig */ = {isa = PBXFileReference; includeInIndex = 1; lastKnownFileType = text.xcconfig; name = "Pods-SkyWay-iOS-Sample.release.xcconfig"; path = "Pods/Target Support Files/Pods-SkyWay-iOS-Sample/Pods-SkyWay-iOS-Sample.release.xcconfig"; sourceTree = "<group>"; };
		3D1DDB5C1A2585CC0052B79C /* AudioToolbox.framework */ = {isa = PBXFileReference; lastKnownFileType = wrapper.framework; name = AudioToolbox.framework; path = System/Library/Frameworks/AudioToolbox.framework; sourceTree = SDKROOT; };
		3D1DDB6E1A25B98E0052B79C /* AVFoundation.framework */ = {isa = PBXFileReference; lastKnownFileType = wrapper.framework; name = AVFoundation.framework; path = System/Library/Frameworks/AVFoundation.framework; sourceTree = SDKROOT; };
		3D9398EB19D9390B00AEE6B1 /* CoreGraphics.framework */ = {isa = PBXFileReference; lastKnownFileType = wrapper.framework; name = CoreGraphics.framework; path = System/Library/Frameworks/CoreGraphics.framework; sourceTree = SDKROOT; };
		3D9398ED19D9391100AEE6B1 /* CoreMedia.framework */ = {isa = PBXFileReference; lastKnownFileType = wrapper.framework; name = CoreMedia.framework; path = System/Library/Frameworks/CoreMedia.framework; sourceTree = SDKROOT; };
		3DA167ED1A01CF1B002A591D /* MenuViewController.h */ = {isa = PBXFileReference; fileEncoding = 4; lastKnownFileType = sourcecode.c.h; path = MenuViewController.h; sourceTree = "<group>"; };
		3DA167EE1A01CF1B002A591D /* MenuViewController.m */ = {isa = PBXFileReference; fileEncoding = 4; lastKnownFileType = sourcecode.c.objc; path = MenuViewController.m; sourceTree = "<group>"; };
		3DA167F01A01D05F002A591D /* DataConnectionViewController.h */ = {isa = PBXFileReference; fileEncoding = 4; lastKnownFileType = sourcecode.c.h; path = DataConnectionViewController.h; sourceTree = "<group>"; };
		3DA167F11A01D05F002A591D /* DataConnectionViewController.m */ = {isa = PBXFileReference; fileEncoding = 4; lastKnownFileType = sourcecode.c.objc; path = DataConnectionViewController.m; sourceTree = "<group>"; };
		3DAABD6819D5644200C765E1 /* SkyWay-iOS-Sample.app */ = {isa = PBXFileReference; explicitFileType = wrapper.application; includeInIndex = 0; path = "SkyWay-iOS-Sample.app"; sourceTree = BUILT_PRODUCTS_DIR; };
		3DAABD6C19D5644200C765E1 /* Info.plist */ = {isa = PBXFileReference; lastKnownFileType = text.plist.xml; path = Info.plist; sourceTree = "<group>"; };
		3DAABD6D19D5644200C765E1 /* main.m */ = {isa = PBXFileReference; lastKnownFileType = sourcecode.c.objc; path = main.m; sourceTree = "<group>"; };
		3DAABD6F19D5644200C765E1 /* AppDelegate.h */ = {isa = PBXFileReference; lastKnownFileType = sourcecode.c.h; path = AppDelegate.h; sourceTree = "<group>"; };
		3DAABD7019D5644200C765E1 /* AppDelegate.m */ = {isa = PBXFileReference; lastKnownFileType = sourcecode.c.objc; path = AppDelegate.m; sourceTree = "<group>"; };
		3DAABD7219D5644200C765E1 /* MediaConnectionViewController.h */ = {isa = PBXFileReference; lastKnownFileType = sourcecode.c.h; path = MediaConnectionViewController.h; sourceTree = "<group>"; };
		3DAABD7319D5644200C765E1 /* MediaConnectionViewController.m */ = {isa = PBXFileReference; lastKnownFileType = sourcecode.c.objc; path = MediaConnectionViewController.m; sourceTree = "<group>"; };
		3DAABD7619D5644200C765E1 /* Base */ = {isa = PBXFileReference; lastKnownFileType = file.storyboard; name = Base; path = Base.lproj/Main.storyboard; sourceTree = "<group>"; };
		3DAABD7819D5644200C765E1 /* Images.xcassets */ = {isa = PBXFileReference; lastKnownFileType = folder.assetcatalog; path = Images.xcassets; sourceTree = "<group>"; };
		3DAABD7B19D5644200C765E1 /* Base */ = {isa = PBXFileReference; lastKnownFileType = file.xib; name = Base; path = Base.lproj/LaunchScreen.xib; sourceTree = "<group>"; };
		3DB8290619FA09D2001041F8 /* PeersListViewController.h */ = {isa = PBXFileReference; fileEncoding = 4; lastKnownFileType = sourcecode.c.h; path = PeersListViewController.h; sourceTree = "<group>"; };
		3DB8290719FA09D2001041F8 /* PeersListViewController.m */ = {isa = PBXFileReference; fileEncoding = 4; lastKnownFileType = sourcecode.c.objc; path = PeersListViewController.m; sourceTree = "<group>"; };
		3DD0C75A19E7B6BD006F9103 /* Foundation.framework */ = {isa = PBXFileReference; lastKnownFileType = wrapper.framework; name = Foundation.framework; path = System/Library/Frameworks/Foundation.framework; sourceTree = SDKROOT; };
		3DDB8D961A314B2F00FA2C4A /* SystemConfiguration.framework */ = {isa = PBXFileReference; lastKnownFileType = wrapper.framework; name = SystemConfiguration.framework; path = System/Library/Frameworks/SystemConfiguration.framework; sourceTree = SDKROOT; };
		3DDB8D9A1A314C3C00FA2C4A /* GLKit.framework */ = {isa = PBXFileReference; lastKnownFileType = wrapper.framework; name = GLKit.framework; path = System/Library/Frameworks/GLKit.framework; sourceTree = SDKROOT; };
		A1AF7FA3F45D03FF723AF365 /* libPods-SkyWay-iOS-Sample.a */ = {isa = PBXFileReference; explicitFileType = archive.ar; includeInIndex = 0; path = "libPods-SkyWay-iOS-Sample.a"; sourceTree = BUILT_PRODUCTS_DIR; };
		CA6859CA1B1BE47200B9577E /* image.png */ = {isa = PBXFileReference; lastKnownFileType = image.png; path = image.png; sourceTree = "<group>"; };
		CA6C359A1BCE09A800F99F7D /* SkyWay.framework */ = {isa = PBXFileReference; lastKnownFileType = wrapper.framework; name = SkyWay.framework; path = "SkyWay-iOS-Sample/frameworks/SkyWay.framework"; sourceTree = "<group>"; };
		CAC6AFC41C27B4DF002C856D /* libc++.tbd */ = {isa = PBXFileReference; lastKnownFileType = "sourcecode.text-based-dylib-definition"; name = "libc++.tbd"; path = "usr/lib/libc++.tbd"; sourceTree = SDKROOT; };
		CAC6AFC61C27B4FA002C856D /* libicucore.tbd */ = {isa = PBXFileReference; lastKnownFileType = "sourcecode.text-based-dylib-definition"; name = libicucore.tbd; path = usr/lib/libicucore.tbd; sourceTree = SDKROOT; };
		CAC6AFC81C27B505002C856D /* libsqlite3.tbd */ = {isa = PBXFileReference; lastKnownFileType = "sourcecode.text-based-dylib-definition"; name = libsqlite3.tbd; path = usr/lib/libsqlite3.tbd; sourceTree = SDKROOT; };
		CAC6AFCA1C27B50F002C856D /* libstdc++.6.0.9.tbd */ = {isa = PBXFileReference; lastKnownFileType = "sourcecode.text-based-dylib-definition"; name = "libstdc++.6.0.9.tbd"; path = "usr/lib/libstdc++.6.0.9.tbd"; sourceTree = SDKROOT; };
		CAD2621A1B8E9EAF000D4782 /* CoreVideo.framework */ = {isa = PBXFileReference; lastKnownFileType = wrapper.framework; name = CoreVideo.framework; path = System/Library/Frameworks/CoreVideo.framework; sourceTree = SDKROOT; };
		CAD2621B1B8E9EAF000D4782 /* VideoToolbox.framework */ = {isa = PBXFileReference; lastKnownFileType = wrapper.framework; name = VideoToolbox.framework; path = System/Library/Frameworks/VideoToolbox.framework; sourceTree = SDKROOT; };
/* End PBXFileReference section */

/* Begin PBXFrameworksBuildPhase section */
		3DAABD6519D5644200C765E1 /* Frameworks */ = {
			isa = PBXFrameworksBuildPhase;
			buildActionMask = 2147483647;
			files = (
				CAC6AFCB1C27B50F002C856D /* libstdc++.6.0.9.tbd in Frameworks */,
				CAC6AFC91C27B505002C856D /* libsqlite3.tbd in Frameworks */,
				CAC6AFC71C27B4FA002C856D /* libicucore.tbd in Frameworks */,
				CAC6AFC51C27B4DF002C856D /* libc++.tbd in Frameworks */,
				CAD2621C1B8E9EAF000D4782 /* CoreVideo.framework in Frameworks */,
				CAD2621D1B8E9EAF000D4782 /* VideoToolbox.framework in Frameworks */,
				3D1DDB5D1A2585CC0052B79C /* AudioToolbox.framework in Frameworks */,
				3D1DDB6F1A25B98E0052B79C /* AVFoundation.framework in Frameworks */,
				3DDB8D951A314AFD00FA2C4A /* CoreGraphics.framework in Frameworks */,
				3D9398EE19D9391100AEE6B1 /* CoreMedia.framework in Frameworks */,
				3DD0C75B19E7B6BD006F9103 /* Foundation.framework in Frameworks */,
				3DDB8D9B1A314C3C00FA2C4A /* GLKit.framework in Frameworks */,
				3DDB8D971A314B2F00FA2C4A /* SystemConfiguration.framework in Frameworks */,
				CA6C359B1BCE09A800F99F7D /* SkyWay.framework in Frameworks */,
				0F6402BAB2E33D62EA81D687 /* libPods-SkyWay-iOS-Sample.a in Frameworks */,
			);
			runOnlyForDeploymentPostprocessing = 0;
		};
/* End PBXFrameworksBuildPhase section */

/* Begin PBXGroup section */
		3DAABD5F19D5644200C765E1 = {
			isa = PBXGroup;
			children = (
				3DF7608D19D910FC0084F124 /* Framework */,
				3DAABD6919D5644200C765E1 /* Products */,
				3DAABD6A19D5644200C765E1 /* SkyWay-iOS-Sample */,
				6202663BE2B49E2DFF73B1DF /* Pods */,
				6A31C2087A3E5277D950E0C0 /* Frameworks */,
			);
			sourceTree = "<group>";
		};
		3DAABD6919D5644200C765E1 /* Products */ = {
			isa = PBXGroup;
			children = (
				3DAABD6819D5644200C765E1 /* SkyWay-iOS-Sample.app */,
			);
			name = Products;
			sourceTree = "<group>";
		};
		3DAABD6A19D5644200C765E1 /* SkyWay-iOS-Sample */ = {
			isa = PBXGroup;
			children = (
				3DAABD6F19D5644200C765E1 /* AppDelegate.h */,
				3DAABD7019D5644200C765E1 /* AppDelegate.m */,
				3DA167F01A01D05F002A591D /* DataConnectionViewController.h */,
				3DA167F11A01D05F002A591D /* DataConnectionViewController.m */,
				3DAABD7819D5644200C765E1 /* Images.xcassets */,
				3DAABD7A19D5644200C765E1 /* LaunchScreen.xib */,
				3DAABD7519D5644200C765E1 /* Main.storyboard */,
				3DAABD7219D5644200C765E1 /* MediaConnectionViewController.h */,
				3DAABD7319D5644200C765E1 /* MediaConnectionViewController.m */,
				3DA167ED1A01CF1B002A591D /* MenuViewController.h */,
				3DA167EE1A01CF1B002A591D /* MenuViewController.m */,
				3DB8290619FA09D2001041F8 /* PeersListViewController.h */,
				3DB8290719FA09D2001041F8 /* PeersListViewController.m */,
				3DAABD6B19D5644200C765E1 /* Supporting Files */,
			);
			path = "SkyWay-iOS-Sample";
			sourceTree = "<group>";
		};
		3DAABD6B19D5644200C765E1 /* Supporting Files */ = {
			isa = PBXGroup;
			children = (
				CA6859CA1B1BE47200B9577E /* image.png */,
				3DAABD6C19D5644200C765E1 /* Info.plist */,
				3DAABD6D19D5644200C765E1 /* main.m */,
			);
			name = "Supporting Files";
			sourceTree = "<group>";
		};
		3DF7608D19D910FC0084F124 /* Framework */ = {
			isa = PBXGroup;
			children = (
				CAC6AFCA1C27B50F002C856D /* libstdc++.6.0.9.tbd */,
				CAC6AFC81C27B505002C856D /* libsqlite3.tbd */,
				CAC6AFC61C27B4FA002C856D /* libicucore.tbd */,
				CAC6AFC41C27B4DF002C856D /* libc++.tbd */,
				CA6C359A1BCE09A800F99F7D /* SkyWay.framework */,
				CAD2621A1B8E9EAF000D4782 /* CoreVideo.framework */,
				CAD2621B1B8E9EAF000D4782 /* VideoToolbox.framework */,
				3D1DDB5C1A2585CC0052B79C /* AudioToolbox.framework */,
				3D1DDB6E1A25B98E0052B79C /* AVFoundation.framework */,
				3D9398EB19D9390B00AEE6B1 /* CoreGraphics.framework */,
				3D9398ED19D9391100AEE6B1 /* CoreMedia.framework */,
				3DD0C75A19E7B6BD006F9103 /* Foundation.framework */,
				3DDB8D9A1A314C3C00FA2C4A /* GLKit.framework */,
				3DDB8D961A314B2F00FA2C4A /* SystemConfiguration.framework */,
			);
			name = Framework;
			sourceTree = "<group>";
		};
		6202663BE2B49E2DFF73B1DF /* Pods */ = {
			isa = PBXGroup;
			children = (
				268C015195DAB0FFB5C01904 /* Pods-SkyWay-iOS-Sample.debug.xcconfig */,
				3896F984C210ED5EE27BE984 /* Pods-SkyWay-iOS-Sample.release.xcconfig */,
			);
			name = Pods;
			sourceTree = "<group>";
		};
		6A31C2087A3E5277D950E0C0 /* Frameworks */ = {
			isa = PBXGroup;
			children = (
				A1AF7FA3F45D03FF723AF365 /* libPods-SkyWay-iOS-Sample.a */,
			);
			name = Frameworks;
			sourceTree = "<group>";
		};
/* End PBXGroup section */

/* Begin PBXNativeTarget section */
		3DAABD6719D5644200C765E1 /* SkyWay-iOS-Sample */ = {
			isa = PBXNativeTarget;
			buildConfigurationList = 3DAABD8B19D5644200C765E1 /* Build configuration list for PBXNativeTarget "SkyWay-iOS-Sample" */;
			buildPhases = (
				6F3AA28253AC58AAACA95CE5 /* [CP] Check Pods Manifest.lock */,
				3DAABD6419D5644200C765E1 /* Sources */,
				3DAABD6519D5644200C765E1 /* Frameworks */,
				3DAABD6619D5644200C765E1 /* Resources */,
				35739F1FBB714840B6EBA528 /* [CP] Embed Pods Frameworks */,
				F784522A78F1C164F2CD6CD0 /* [CP] Copy Pods Resources */,
			);
			buildRules = (
			);
			dependencies = (
			);
			name = "SkyWay-iOS-Sample";
			productName = TestSKWPeerFramework;
			productReference = 3DAABD6819D5644200C765E1 /* SkyWay-iOS-Sample.app */;
			productType = "com.apple.product-type.application";
		};
/* End PBXNativeTarget section */

/* Begin PBXProject section */
		3DAABD6019D5644200C765E1 /* Project object */ = {
			isa = PBXProject;
			attributes = {
				LastUpgradeCheck = 0700;
				ORGANIZATIONNAME = "";
				TargetAttributes = {
					3DAABD6719D5644200C765E1 = {
						CreatedOnToolsVersion = 6.0.1;
						DevelopmentTeam = YP76R8KFZE;
					};
				};
			};
			buildConfigurationList = 3DAABD6319D5644200C765E1 /* Build configuration list for PBXProject "SkyWay-iOS-Sample" */;
			compatibilityVersion = "Xcode 3.2";
			developmentRegion = English;
			hasScannedForEncodings = 0;
			knownRegions = (
				en,
				Base,
			);
			mainGroup = 3DAABD5F19D5644200C765E1;
			productRefGroup = 3DAABD6919D5644200C765E1 /* Products */;
			projectDirPath = "";
			projectRoot = "";
			targets = (
				3DAABD6719D5644200C765E1 /* SkyWay-iOS-Sample */,
			);
		};
/* End PBXProject section */

/* Begin PBXResourcesBuildPhase section */
		3DAABD6619D5644200C765E1 /* Resources */ = {
			isa = PBXResourcesBuildPhase;
			buildActionMask = 2147483647;
			files = (
				3DAABD7919D5644200C765E1 /* Images.xcassets in Resources */,
				CA30CBFE1AE4E53A00A78322 /* LaunchScreen.xib in Resources */,
				CA30CBFF1AE4E53C00A78322 /* Main.storyboard in Resources */,
				CA6859CB1B1BE47200B9577E /* image.png in Resources */,
			);
			runOnlyForDeploymentPostprocessing = 0;
		};
/* End PBXResourcesBuildPhase section */

/* Begin PBXShellScriptBuildPhase section */
		35739F1FBB714840B6EBA528 /* [CP] Embed Pods Frameworks */ = {
			isa = PBXShellScriptBuildPhase;
			buildActionMask = 2147483647;
			files = (
			);
			inputPaths = (
			);
			name = "[CP] Embed Pods Frameworks";
			outputPaths = (
			);
			runOnlyForDeploymentPostprocessing = 0;
			shellPath = /bin/sh;
			shellScript = "\"${SRCROOT}/Pods/Target Support Files/Pods-SkyWay-iOS-Sample/Pods-SkyWay-iOS-Sample-frameworks.sh\"\n";
			showEnvVarsInLog = 0;
		};
		6F3AA28253AC58AAACA95CE5 /* [CP] Check Pods Manifest.lock */ = {
			isa = PBXShellScriptBuildPhase;
			buildActionMask = 2147483647;
			files = (
			);
			inputPaths = (
			);
			name = "[CP] Check Pods Manifest.lock";
			outputPaths = (
			);
			runOnlyForDeploymentPostprocessing = 0;
			shellPath = /bin/sh;
			shellScript = "diff \"${PODS_PODFILE_DIR_PATH}/Podfile.lock\" \"${PODS_ROOT}/Manifest.lock\" > /dev/null\nif [ $? != 0 ] ; then\n    # print error to STDERR\n    echo \"error: The sandbox is not in sync with the Podfile.lock. Run 'pod install' or update your CocoaPods installation.\" >&2\n    exit 1\nfi\n";
			showEnvVarsInLog = 0;
		};
		F784522A78F1C164F2CD6CD0 /* [CP] Copy Pods Resources */ = {
			isa = PBXShellScriptBuildPhase;
			buildActionMask = 2147483647;
			files = (
			);
			inputPaths = (
			);
			name = "[CP] Copy Pods Resources";
			outputPaths = (
			);
			runOnlyForDeploymentPostprocessing = 0;
			shellPath = /bin/sh;
			shellScript = "\"${SRCROOT}/Pods/Target Support Files/Pods-SkyWay-iOS-Sample/Pods-SkyWay-iOS-Sample-resources.sh\"\n";
			showEnvVarsInLog = 0;
		};
/* End PBXShellScriptBuildPhase section */

/* Begin PBXSourcesBuildPhase section */
		3DAABD6419D5644200C765E1 /* Sources */ = {
			isa = PBXSourcesBuildPhase;
			buildActionMask = 2147483647;
			files = (
				3DAABD7419D5644200C765E1 /* MediaConnectionViewController.m in Sources */,
				3DAABD7119D5644200C765E1 /* AppDelegate.m in Sources */,
				3DA167F21A01D05F002A591D /* DataConnectionViewController.m in Sources */,
				3DAABD6E19D5644200C765E1 /* main.m in Sources */,
				3DB8290819FA09D2001041F8 /* PeersListViewController.m in Sources */,
				3DA167EF1A01CF1B002A591D /* MenuViewController.m in Sources */,
			);
			runOnlyForDeploymentPostprocessing = 0;
		};
/* End PBXSourcesBuildPhase section */

/* Begin PBXVariantGroup section */
		3DAABD7519D5644200C765E1 /* Main.storyboard */ = {
			isa = PBXVariantGroup;
			children = (
				3DAABD7619D5644200C765E1 /* Base */,
			);
			name = Main.storyboard;
			sourceTree = "<group>";
		};
		3DAABD7A19D5644200C765E1 /* LaunchScreen.xib */ = {
			isa = PBXVariantGroup;
			children = (
				3DAABD7B19D5644200C765E1 /* Base */,
			);
			name = LaunchScreen.xib;
			sourceTree = "<group>";
		};
/* End PBXVariantGroup section */

/* Begin XCBuildConfiguration section */
		3DAABD8919D5644200C765E1 /* Debug */ = {
			isa = XCBuildConfiguration;
			buildSettings = {
				ALWAYS_SEARCH_USER_PATHS = NO;
				CLANG_CXX_LANGUAGE_STANDARD = "gnu++0x";
				CLANG_CXX_LIBRARY = "libc++";
				CLANG_ENABLE_MODULES = YES;
				CLANG_ENABLE_OBJC_ARC = YES;
				CLANG_WARN_BOOL_CONVERSION = YES;
				CLANG_WARN_CONSTANT_CONVERSION = YES;
				CLANG_WARN_DIRECT_OBJC_ISA_USAGE = YES_ERROR;
				CLANG_WARN_EMPTY_BODY = YES;
				CLANG_WARN_ENUM_CONVERSION = YES;
				CLANG_WARN_INT_CONVERSION = YES;
				CLANG_WARN_OBJC_ROOT_CLASS = YES_ERROR;
				CLANG_WARN_UNREACHABLE_CODE = YES;
				CLANG_WARN__DUPLICATE_METHOD_MATCH = YES;
				CODE_SIGN_IDENTITY = "iPhone Developer";
				"CODE_SIGN_IDENTITY[sdk=iphoneos*]" = "iPhone Developer";
				COPY_PHASE_STRIP = NO;
				ENABLE_STRICT_OBJC_MSGSEND = YES;
				ENABLE_TESTABILITY = YES;
				FRAMEWORK_SEARCH_PATHS = "";
				GCC_C_LANGUAGE_STANDARD = gnu99;
				GCC_DYNAMIC_NO_PIC = NO;
				GCC_OPTIMIZATION_LEVEL = 0;
				GCC_PREPROCESSOR_DEFINITIONS = (
					"DEBUG=1",
					"$(inherited)",
				);
				GCC_SYMBOLS_PRIVATE_EXTERN = NO;
				GCC_WARN_64_TO_32_BIT_CONVERSION = YES;
				GCC_WARN_ABOUT_RETURN_TYPE = YES_ERROR;
				GCC_WARN_UNDECLARED_SELECTOR = YES;
				GCC_WARN_UNINITIALIZED_AUTOS = YES_AGGRESSIVE;
				GCC_WARN_UNUSED_FUNCTION = YES;
				GCC_WARN_UNUSED_VARIABLE = YES;
				IPHONEOS_DEPLOYMENT_TARGET = 7.0;
				MTL_ENABLE_DEBUG_INFO = YES;
				ONLY_ACTIVE_ARCH = YES;
				SDKROOT = iphoneos;
				TARGETED_DEVICE_FAMILY = "1,2";
				VALID_ARCHS = "$(ARCHS_STANDARD)";
			};
			name = Debug;
		};
		3DAABD8A19D5644200C765E1 /* Release */ = {
			isa = XCBuildConfiguration;
			buildSettings = {
				ALWAYS_SEARCH_USER_PATHS = NO;
				CLANG_CXX_LANGUAGE_STANDARD = "gnu++0x";
				CLANG_CXX_LIBRARY = "libc++";
				CLANG_ENABLE_MODULES = YES;
				CLANG_ENABLE_OBJC_ARC = YES;
				CLANG_WARN_BOOL_CONVERSION = YES;
				CLANG_WARN_CONSTANT_CONVERSION = YES;
				CLANG_WARN_DIRECT_OBJC_ISA_USAGE = YES_ERROR;
				CLANG_WARN_EMPTY_BODY = YES;
				CLANG_WARN_ENUM_CONVERSION = YES;
				CLANG_WARN_INT_CONVERSION = YES;
				CLANG_WARN_OBJC_ROOT_CLASS = YES_ERROR;
				CLANG_WARN_UNREACHABLE_CODE = YES;
				CLANG_WARN__DUPLICATE_METHOD_MATCH = YES;
				CODE_SIGN_IDENTITY = "iPhone Developer";
				"CODE_SIGN_IDENTITY[sdk=iphoneos*]" = "iPhone Developer";
				COPY_PHASE_STRIP = YES;
				ENABLE_NS_ASSERTIONS = NO;
				ENABLE_STRICT_OBJC_MSGSEND = YES;
				FRAMEWORK_SEARCH_PATHS = "";
				GCC_C_LANGUAGE_STANDARD = gnu99;
				GCC_WARN_64_TO_32_BIT_CONVERSION = YES;
				GCC_WARN_ABOUT_RETURN_TYPE = YES_ERROR;
				GCC_WARN_UNDECLARED_SELECTOR = YES;
				GCC_WARN_UNINITIALIZED_AUTOS = YES_AGGRESSIVE;
				GCC_WARN_UNUSED_FUNCTION = YES;
				GCC_WARN_UNUSED_VARIABLE = YES;
				IPHONEOS_DEPLOYMENT_TARGET = 7.0;
				MTL_ENABLE_DEBUG_INFO = NO;
				SDKROOT = iphoneos;
				TARGETED_DEVICE_FAMILY = "1,2";
				VALIDATE_PRODUCT = YES;
				VALID_ARCHS = "$(ARCHS_STANDARD)";
			};
			name = Release;
		};
		3DAABD8C19D5644200C765E1 /* Debug */ = {
			isa = XCBuildConfiguration;
			baseConfigurationReference = 268C015195DAB0FFB5C01904 /* Pods-SkyWay-iOS-Sample.debug.xcconfig */;
			buildSettings = {
				ASSETCATALOG_COMPILER_APPICON_NAME = AppIcon;
				ASSETCATALOG_COMPILER_LAUNCHIMAGE_NAME = LaunchImage;
				CODE_SIGN_IDENTITY = "iPhone Developer";
				"CODE_SIGN_IDENTITY[sdk=iphoneos*]" = "iPhone Developer";
				ENABLE_BITCODE = NO;
				FRAMEWORK_SEARCH_PATHS = (
					"$(inherited)",
					"$(PROJECT_DIR)/SkyWay-iOS-Sample/frameworks",
				);
				INFOPLIST_FILE = "$(SRCROOT)/SkyWay-iOS-Sample/Info.plist";
				LD_RUNPATH_SEARCH_PATHS = "$(inherited) @executable_path/Frameworks";
				LIBRARY_SEARCH_PATHS = "";
				ONLY_ACTIVE_ARCH = YES;
				OTHER_LDFLAGS = (
					"-ObjC",
					"$(inherited)",
				);
				PRODUCT_BUNDLE_IDENTIFIER = "com.ntt.SkyWay-iOS-Sample";
				PRODUCT_NAME = "SkyWay-iOS-Sample";
				PROVISIONING_PROFILE = "";
				VALID_ARCHS = "armv7 arm64";
			};
			name = Debug;
		};
		3DAABD8D19D5644200C765E1 /* Release */ = {
			isa = XCBuildConfiguration;
			baseConfigurationReference = 3896F984C210ED5EE27BE984 /* Pods-SkyWay-iOS-Sample.release.xcconfig */;
			buildSettings = {
				ASSETCATALOG_COMPILER_APPICON_NAME = AppIcon;
				ASSETCATALOG_COMPILER_LAUNCHIMAGE_NAME = LaunchImage;
				CODE_SIGN_IDENTITY = "iPhone Developer";
				"CODE_SIGN_IDENTITY[sdk=iphoneos*]" = "iPhone Developer";
				ENABLE_BITCODE = NO;
				FRAMEWORK_SEARCH_PATHS = (
					"$(inherited)",
					"$(PROJECT_DIR)/SkyWay-iOS-Sample/frameworks",
				);
				INFOPLIST_FILE = "$(SRCROOT)/SkyWay-iOS-Sample/Info.plist";
				LD_RUNPATH_SEARCH_PATHS = "$(inherited) @executable_path/Frameworks";
				LIBRARY_SEARCH_PATHS = "";
				ONLY_ACTIVE_ARCH = YES;
				OTHER_LDFLAGS = (
					"-ObjC",
					"$(inherited)",
				);
				PRODUCT_BUNDLE_IDENTIFIER = "com.ntt.SkyWay-iOS-Sample";
				PRODUCT_NAME = "SkyWay-iOS-Sample";
				PROVISIONING_PROFILE = "";
				VALID_ARCHS = "armv7 arm64";
			};
			name = Release;
		};
/* End XCBuildConfiguration section */

/* Begin XCConfigurationList section */
		3DAABD6319D5644200C765E1 /* Build configuration list for PBXProject "SkyWay-iOS-Sample" */ = {
			isa = XCConfigurationList;
			buildConfigurations = (
				3DAABD8919D5644200C765E1 /* Debug */,
				3DAABD8A19D5644200C765E1 /* Release */,
			);
			defaultConfigurationIsVisible = 0;
			defaultConfigurationName = Release;
		};
		3DAABD8B19D5644200C765E1 /* Build configuration list for PBXNativeTarget "SkyWay-iOS-Sample" */ = {
			isa = XCConfigurationList;
			buildConfigurations = (
				3DAABD8C19D5644200C765E1 /* Debug */,
				3DAABD8D19D5644200C765E1 /* Release */,
			);
			defaultConfigurationIsVisible = 0;
			defaultConfigurationName = Release;
		};
/* End XCConfigurationList section */
	};
	rootObject = 3DAABD6019D5644200C765E1 /* Project object */;
}
